
Microsoft Visual Studio Solution File, Format Version 12.00
# Visual Studio Version 16
VisualStudioVersion = 16.0.30011.22
MinimumVisualStudioVersion = 10.0.40219.1
Project("{FAE04EC0-301F-11D3-BF4B-00C04F79EFBC}") = "StressTest", "StressTest\StressTest.csproj", "{9AF2F9CC-510E-47E6-BADC-7A9EEC4D1E83}"
EndProject
Global
	GlobalSection(SolutionConfigurationPlatforms) = preSolution
		Debug|Any CPU = Debug|Any CPU
		Release|Any CPU = Release|Any CPU
	EndGlobalSection
	GlobalSection(ProjectConfigurationPlatforms) = postSolution
		{9AF2F9CC-510E-47E6-BADC-7A9EEC4D1E83}.Debug|Any CPU.ActiveCfg = Debug|Any CPU
		{9AF2F9CC-510E-47E6-BADC-7A9EEC4D1E83}.Debug|Any CPU.Build.0 = Debug|Any CPU
		{9AF2F9CC-510E-47E6-BADC-7A9EEC4D1E83}.Release|Any CPU.ActiveCfg = Release|Any CPU
		{9AF2F9CC-510E-47E6-BADC-7A9EEC4D1E83}.Release|Any CPU.Build.0 = Release|Any CPU
	EndGlobalSection
	GlobalSection(SolutionProperties) = preSolution
		HideSolutionNode = FALSE
	EndGlobalSection
	GlobalSection(ExtensibilityGlobals) = postSolution
		SolutionGuid = {16888D52-ACFD-4E4A-A7CB-AD52F2D7DA34}
	EndGlobalSection
EndGlobal
